
Microsoft Visual Studio Solution File, Format Version 12.00
# Visual Studio Version 17
VisualStudioVersion = 17.0.31903.59
MinimumVisualStudioVersion = 10.0.40219.1
Project("{FAE04EC0-301F-11D3-BF4B-00C04F79EFBC}") = "BrosCode.LastCall.Api", "BrosCode.LastCall.Api\BrosCode.LastCall.Api.csproj", "{57B51310-EFA4-4754-8187-1832E47B065C}"
EndProject
Project("{FAE04EC0-301F-11D3-BF4B-00C04F79EFBC}") = "BrosCode.LastCall.Business", "BrosCode.LastCall.Business\BrosCode.LastCall.Business.csproj", "{53B339A0-008A-4E65-AF77-26FE3E595AD8}"
EndProject
Project("{FAE04EC0-301F-11D3-BF4B-00C04F79EFBC}") = "BrosCode.LastCall.Entity", "BrosCode.LastCall.Entity\BrosCode.LastCall.Entity.csproj", "{CD1F7737-96B0-438E-AB22-7581600D35E6}"
EndProject
Project("{FAE04EC0-301F-11D3-BF4B-00C04F79EFBC}") = "BrosCode.LastCall.Infrastructure", "BrosCode.LastCall.Infrastructure\BrosCode.LastCall.Infrastructure.csproj", "{2C654261-EE1D-4292-A2F9-36185D6D9418}"
EndProject
Project("{FAE04EC0-301F-11D3-BF4B-00C04F79EFBC}") = "BrosCode.LastCall.Contracts", "BrosCode.LastCall.Contracts\BrosCode.LastCall.Contracts.csproj", "{B8CFF16E-DCF9-4427-832E-9E3DFCCBD354}"
EndProject
Global
	GlobalSection(SolutionConfigurationPlatforms) = preSolution
		Debug|Any CPU = Debug|Any CPU
		Debug|x64 = Debug|x64
		Debug|x86 = Debug|x86
		Release|Any CPU = Release|Any CPU
		Release|x64 = Release|x64
		Release|x86 = Release|x86
	EndGlobalSection
	GlobalSection(ProjectConfigurationPlatforms) = postSolution
		{57B51310-EFA4-4754-8187-1832E47B065C}.Debug|Any CPU.ActiveCfg = Debug|Any CPU
		{57B51310-EFA4-4754-8187-1832E47B065C}.Debug|Any CPU.Build.0 = Debug|Any CPU
		{57B51310-EFA4-4754-8187-1832E47B065C}.Debug|x64.ActiveCfg = Debug|Any CPU
		{57B51310-EFA4-4754-8187-1832E47B065C}.Debug|x64.Build.0 = Debug|Any CPU
		{57B51310-EFA4-4754-8187-1832E47B065C}.Debug|x86.ActiveCfg = Debug|Any CPU
		{57B51310-EFA4-4754-8187-1832E47B065C}.Debug|x86.Build.0 = Debug|Any CPU
		{57B51310-EFA4-4754-8187-1832E47B065C}.Release|Any CPU.ActiveCfg = Release|Any CPU
		{57B51310-EFA4-4754-8187-1832E47B065C}.Release|Any CPU.Build.0 = Release|Any CPU
		{57B51310-EFA4-4754-8187-1832E47B065C}.Release|x64.ActiveCfg = Release|Any CPU
		{57B51310-EFA4-4754-8187-1832E47B065C}.Release|x64.Build.0 = Release|Any CPU
		{57B51310-EFA4-4754-8187-1832E47B065C}.Release|x86.ActiveCfg = Release|Any CPU
		{57B51310-EFA4-4754-8187-1832E47B065C}.Release|x86.Build.0 = Release|Any CPU
		{53B339A0-008A-4E65-AF77-26FE3E595AD8}.Debug|Any CPU.ActiveCfg = Debug|Any CPU
		{53B339A0-008A-4E65-AF77-26FE3E595AD8}.Debug|Any CPU.Build.0 = Debug|Any CPU
		{53B339A0-008A-4E65-AF77-26FE3E595AD8}.Debug|x64.ActiveCfg = Debug|Any CPU
		{53B339A0-008A-4E65-AF77-26FE3E595AD8}.Debug|x64.Build.0 = Debug|Any CPU
		{53B339A0-008A-4E65-AF77-26FE3E595AD8}.Debug|x86.ActiveCfg = Debug|Any CPU
		{53B339A0-008A-4E65-AF77-26FE3E595AD8}.Debug|x86.Build.0 = Debug|Any CPU
		{53B339A0-008A-4E65-AF77-26FE3E595AD8}.Release|Any CPU.ActiveCfg = Release|Any CPU
		{53B339A0-008A-4E65-AF77-26FE3E595AD8}.Release|Any CPU.Build.0 = Release|Any CPU
		{53B339A0-008A-4E65-AF77-26FE3E595AD8}.Release|x64.ActiveCfg = Release|Any CPU
		{53B339A0-008A-4E65-AF77-26FE3E595AD8}.Release|x64.Build.0 = Release|Any CPU
		{53B339A0-008A-4E65-AF77-26FE3E595AD8}.Release|x86.ActiveCfg = Release|Any CPU
		{53B339A0-008A-4E65-AF77-26FE3E595AD8}.Release|x86.Build.0 = Release|Any CPU
		{CD1F7737-96B0-438E-AB22-7581600D35E6}.Debug|Any CPU.ActiveCfg = Debug|Any CPU
		{CD1F7737-96B0-438E-AB22-7581600D35E6}.Debug|Any CPU.Build.0 = Debug|Any CPU
		{CD1F7737-96B0-438E-AB22-7581600D35E6}.Debug|x64.ActiveCfg = Debug|Any CPU
		{CD1F7737-96B0-438E-AB22-7581600D35E6}.Debug|x64.Build.0 = Debug|Any CPU
		{CD1F7737-96B0-438E-AB22-7581600D35E6}.Debug|x86.ActiveCfg = Debug|Any CPU
		{CD1F7737-96B0-438E-AB22-7581600D35E6}.Debug|x86.Build.0 = Debug|Any CPU
		{CD1F7737-96B0-438E-AB22-7581600D35E6}.Release|Any CPU.ActiveCfg = Release|Any CPU
		{CD1F7737-96B0-438E-AB22-7581600D35E6}.Release|Any CPU.Build.0 = Release|Any CPU
		{CD1F7737-96B0-438E-AB22-7581600D35E6}.Release|x64.ActiveCfg = Release|Any CPU
		{CD1F7737-96B0-438E-AB22-7581600D35E6}.Release|x64.Build.0 = Release|Any CPU
		{CD1F7737-96B0-438E-AB22-7581600D35E6}.Release|x86.ActiveCfg = Release|Any CPU
		{CD1F7737-96B0-438E-AB22-7581600D35E6}.Release|x86.Build.0 = Release|Any CPU
		{2C654261-EE1D-4292-A2F9-36185D6D9418}.Debug|Any CPU.ActiveCfg = Debug|Any CPU
		{2C654261-EE1D-4292-A2F9-36185D6D9418}.Debug|Any CPU.Build.0 = Debug|Any CPU
		{2C654261-EE1D-4292-A2F9-36185D6D9418}.Debug|x64.ActiveCfg = Debug|Any CPU
		{2C654261-EE1D-4292-A2F9-36185D6D9418}.Debug|x64.Build.0 = Debug|Any CPU
		{2C654261-EE1D-4292-A2F9-36185D6D9418}.Debug|x86.ActiveCfg = Debug|Any CPU
		{2C654261-EE1D-4292-A2F9-36185D6D9418}.Debug|x86.Build.0 = Debug|Any CPU
		{2C654261-EE1D-4292-A2F9-36185D6D9418}.Release|Any CPU.ActiveCfg = Release|Any CPU
		{2C654261-EE1D-4292-A2F9-36185D6D9418}.Release|Any CPU.Build.0 = Release|Any CPU
		{2C654261-EE1D-4292-A2F9-36185D6D9418}.Release|x64.ActiveCfg = Release|Any CPU
		{2C654261-EE1D-4292-A2F9-36185D6D9418}.Release|x64.Build.0 = Release|Any CPU
		{2C654261-EE1D-4292-A2F9-36185D6D9418}.Release|x86.ActiveCfg = Release|Any CPU
		{2C654261-EE1D-4292-A2F9-36185D6D9418}.Release|x86.Build.0 = Release|Any CPU
		{B8CFF16E-DCF9-4427-832E-9E3DFCCBD354}.Debug|Any CPU.ActiveCfg = Debug|Any CPU
		{B8CFF16E-DCF9-4427-832E-9E3DFCCBD354}.Debug|Any CPU.Build.0 = Debug|Any CPU
		{B8CFF16E-DCF9-4427-832E-9E3DFCCBD354}.Debug|x64.ActiveCfg = Debug|Any CPU
		{B8CFF16E-DCF9-4427-832E-9E3DFCCBD354}.Debug|x64.Build.0 = Debug|Any CPU
		{B8CFF16E-DCF9-4427-832E-9E3DFCCBD354}.Debug|x86.ActiveCfg = Debug|Any CPU
		{B8CFF16E-DCF9-4427-832E-9E3DFCCBD354}.Debug|x86.Build.0 = Debug|Any CPU
		{B8CFF16E-DCF9-4427-832E-9E3DFCCBD354}.Release|Any CPU.ActiveCfg = Release|Any CPU
		{B8CFF16E-DCF9-4427-832E-9E3DFCCBD354}.Release|Any CPU.Build.0 = Release|Any CPU
		{B8CFF16E-DCF9-4427-832E-9E3DFCCBD354}.Release|x64.ActiveCfg = Release|Any CPU
		{B8CFF16E-DCF9-4427-832E-9E3DFCCBD354}.Release|x64.Build.0 = Release|Any CPU
		{B8CFF16E-DCF9-4427-832E-9E3DFCCBD354}.Release|x86.ActiveCfg = Release|Any CPU
		{B8CFF16E-DCF9-4427-832E-9E3DFCCBD354}.Release|x86.Build.0 = Release|Any CPU
	EndGlobalSection
	GlobalSection(SolutionProperties) = preSolution
		HideSolutionNode = FALSE
	EndGlobalSection
EndGlobal
